
Microsoft Visual Studio Solution File, Format Version 12.00
# Visual Studio Version 17
VisualStudioVersion = 17.9.34728.123
MinimumVisualStudioVersion = 10.0.40219.1
Project("{FAE04EC0-301F-11D3-BF4B-00C04F79EFBC}") = "PhraseGenerator", "PhraseGenerator\PhraseGenerator.csproj", "{3BEF3061-FE61-4E31-9929-42F40B7C8224}"
EndProject
Global
	GlobalSection(SolutionConfigurationPlatforms) = preSolution
		Debug|Any CPU = Debug|Any CPU
		Release|Any CPU = Release|Any CPU
	EndGlobalSection
	GlobalSection(ProjectConfigurationPlatforms) = postSolution
		{3BEF3061-FE61-4E31-9929-42F40B7C8224}.Debug|Any CPU.ActiveCfg = Debug|Any CPU
		{3BEF3061-FE61-4E31-9929-42F40B7C8224}.Debug|Any CPU.Build.0 = Debug|Any CPU
		{3BEF3061-FE61-4E31-9929-42F40B7C8224}.Release|Any CPU.ActiveCfg = Release|Any CPU
		{3BEF3061-FE61-4E31-9929-42F40B7C8224}.Release|Any CPU.Build.0 = Release|Any CPU
	EndGlobalSection
	GlobalSection(SolutionProperties) = preSolution
		HideSolutionNode = FALSE
	EndGlobalSection
	GlobalSection(ExtensibilityGlobals) = postSolution
		SolutionGuid = {891654DC-ED86-4D0E-838D-1BB1F0C33DC4}
	EndGlobalSection
EndGlobal
